
Microsoft Visual Studio Solution File, Format Version 12.00
# Visual Studio Version 17
VisualStudioVersion = 17.8.34525.116
MinimumVisualStudioVersion = 10.0.40219.1
Project("{FAE04EC0-301F-11D3-BF4B-00C04F79EFBC}") = "lr10", "lr10\lr10.csproj", "{62AD78D0-B44B-4615-A146-DE3B3B6414FB}"
EndProject
Global
	GlobalSection(SolutionConfigurationPlatforms) = preSolution
		Debug|Any CPU = Debug|Any CPU
		Release|Any CPU = Release|Any CPU
	EndGlobalSection
	GlobalSection(ProjectConfigurationPlatforms) = postSolution
		{62AD78D0-B44B-4615-A146-DE3B3B6414FB}.Debug|Any CPU.ActiveCfg = Debug|Any CPU
		{62AD78D0-B44B-4615-A146-DE3B3B6414FB}.Debug|Any CPU.Build.0 = Debug|Any CPU
		{62AD78D0-B44B-4615-A146-DE3B3B6414FB}.Release|Any CPU.ActiveCfg = Release|Any CPU
		{62AD78D0-B44B-4615-A146-DE3B3B6414FB}.Release|Any CPU.Build.0 = Release|Any CPU
	EndGlobalSection
	GlobalSection(SolutionProperties) = preSolution
		HideSolutionNode = FALSE
	EndGlobalSection
	GlobalSection(ExtensibilityGlobals) = postSolution
		SolutionGuid = {9BD094AC-009B-48D6-8CA4-3B3430C07F16}
	EndGlobalSection
EndGlobal
